// !$*UTF8*$!
{
	archiveVersion = 1;
	classes = {
	};
	objectVersion = 46;
	objects = {

/* Begin PBXBuildFile section */
		840CE84A182343D900D0B1E3 /* LoadMoreFooterView.m in Sources */ = {isa = PBXBuildFile; fileRef = 840CE846182343D900D0B1E3 /* LoadMoreFooterView.m */; settings = {COMPILER_FLAGS = "-fno-objc-arc"; }; };
		840CE85518234B1900D0B1E3 /* blackArrow.png in Resources */ = {isa = PBXBuildFile; fileRef = 840CE84D18234B1900D0B1E3 /* blackArrow.png */; };
		840CE85618234B1900D0B1E3 /* blackArrow@2x.png in Resources */ = {isa = PBXBuildFile; fileRef = 840CE84E18234B1900D0B1E3 /* blackArrow@2x.png */; };
		840CE85718234B1900D0B1E3 /* blueArrow.png in Resources */ = {isa = PBXBuildFile; fileRef = 840CE84F18234B1900D0B1E3 /* blueArrow.png */; };
		840CE85818234B1900D0B1E3 /* blueArrow@2x.png in Resources */ = {isa = PBXBuildFile; fileRef = 840CE85018234B1900D0B1E3 /* blueArrow@2x.png */; };
		840CE85918234B1900D0B1E3 /* grayArrow.png in Resources */ = {isa = PBXBuildFile; fileRef = 840CE85118234B1900D0B1E3 /* grayArrow.png */; };
		840CE85A18234B1900D0B1E3 /* grayArrow@2x.png in Resources */ = {isa = PBXBuildFile; fileRef = 840CE85218234B1900D0B1E3 /* grayArrow@2x.png */; };
		840CE85B18234B1900D0B1E3 /* whiteArrow.png in Resources */ = {isa = PBXBuildFile; fileRef = 840CE85318234B1900D0B1E3 /* whiteArrow.png */; };
		840CE85C18234B1900D0B1E3 /* whiteArrow@2x.png in Resources */ = {isa = PBXBuildFile; fileRef = 840CE85418234B1900D0B1E3 /* whiteArrow@2x.png */; };
		840CE85F18234BD900D0B1E3 /* EGORefreshTableHeaderView.m in Sources */ = {isa = PBXBuildFile; fileRef = 840CE85E18234BD900D0B1E3 /* EGORefreshTableHeaderView.m */; };
		843A09FF18307ED600F5D470 /* DetailViewController.m in Sources */ = {isa = PBXBuildFile; fileRef = 843A09FE18307ED600F5D470 /* DetailViewController.m */; };
		843A0A0218307FB100F5D470 /* DetailInfoCell.m in Sources */ = {isa = PBXBuildFile; fileRef = 843A0A0118307FB100F5D470 /* DetailInfoCell.m */; };
		84626234182FBAD800DE2B6B /* IpSetViewController.m in Sources */ = {isa = PBXBuildFile; fileRef = 84626233182FBAD800DE2B6B /* IpSetViewController.m */; };
		8479F4811822964000404B28 /* SettingViewController.m in Sources */ = {isa = PBXBuildFile; fileRef = 8479F4801822964000404B28 /* SettingViewController.m */; };
		8479F48718229A8000404B28 /* LogOutNormal.png in Resources */ = {isa = PBXBuildFile; fileRef = 8479F48518229A8000404B28 /* LogOutNormal.png */; };
		8479F48818229A8000404B28 /* LogOutPress.png in Resources */ = {isa = PBXBuildFile; fileRef = 8479F48618229A8000404B28 /* LogOutPress.png */; };
		8479F4A918229EC500404B28 /* RNGridMenu.m in Sources */ = {isa = PBXBuildFile; fileRef = 8479F4A818229EC500404B28 /* RNGridMenu.m */; };
		8479F4AB1822A04100404B28 /* Accelerate.framework in Frameworks */ = {isa = PBXBuildFile; fileRef = 8479F4AA1822A04100404B28 /* Accelerate.framework */; };
		8479F4B61822A1D700404B28 /* arrow.png in Resources */ = {isa = PBXBuildFile; fileRef = 8479F4AD1822A1D700404B28 /* arrow.png */; };
		8479F4B71822A1D700404B28 /* attachment.png in Resources */ = {isa = PBXBuildFile; fileRef = 8479F4AE1822A1D700404B28 /* attachment.png */; };
		8479F4B81822A1D700404B28 /* block.png in Resources */ = {isa = PBXBuildFile; fileRef = 8479F4AF1822A1D700404B28 /* block.png */; };
		8479F4B91822A1D700404B28 /* bluetooth.png in Resources */ = {isa = PBXBuildFile; fileRef = 8479F4B01822A1D700404B28 /* bluetooth.png */; };
		8479F4BA1822A1D700404B28 /* cube.png in Resources */ = {isa = PBXBuildFile; fileRef = 8479F4B11822A1D700404B28 /* cube.png */; };
		8479F4BB1822A1D700404B28 /* download.png in Resources */ = {isa = PBXBuildFile; fileRef = 8479F4B21822A1D700404B28 /* download.png */; };
		8479F4BC1822A1D700404B28 /* enter.png in Resources */ = {isa = PBXBuildFile; fileRef = 8479F4B31822A1D700404B28 /* enter.png */; };
		8479F4BD1822A1D700404B28 /* file.png in Resources */ = {isa = PBXBuildFile; fileRef = 8479F4B41822A1D700404B28 /* file.png */; };
		8479F4BE1822A1D700404B28 /* github.png in Resources */ = {isa = PBXBuildFile; fileRef = 8479F4B51822A1D700404B28 /* github.png */; };
		849C16C31821324600B7F9C5 /* GHMenuCell.m in Sources */ = {isa = PBXBuildFile; fileRef = 849C16C21821324600B7F9C5 /* GHMenuCell.m */; };
		849C16C71821328100B7F9C5 /* PPRevealSideViewController.m in Sources */ = {isa = PBXBuildFile; fileRef = 849C16C61821328100B7F9C5 /* PPRevealSideViewController.m */; };
		849C16CB1821330F00B7F9C5 /* LeftViewController.m in Sources */ = {isa = PBXBuildFile; fileRef = 849C16C91821330E00B7F9C5 /* LeftViewController.m */; };
		849C16CC1821330F00B7F9C5 /* LeftViewController.xib in Resources */ = {isa = PBXBuildFile; fileRef = 849C16CA1821330F00B7F9C5 /* LeftViewController.xib */; };
		84B95BAB1827854400B32571 /* Course.m in Sources */ = {isa = PBXBuildFile; fileRef = 84B95BAA1827854400B32571 /* Course.m */; };
		84BE6EA8181FDCFB00216ADA /* UIKit.framework in Frameworks */ = {isa = PBXBuildFile; fileRef = 84BE6EA7181FDCFB00216ADA /* UIKit.framework */; };
		84BE6EAA181FDCFB00216ADA /* Foundation.framework in Frameworks */ = {isa = PBXBuildFile; fileRef = 84BE6EA9181FDCFB00216ADA /* Foundation.framework */; };
		84BE6EAC181FDCFB00216ADA /* CoreGraphics.framework in Frameworks */ = {isa = PBXBuildFile; fileRef = 84BE6EAB181FDCFB00216ADA /* CoreGraphics.framework */; };
		84BE6EB2181FDCFB00216ADA /* InfoPlist.strings in Resources */ = {isa = PBXBuildFile; fileRef = 84BE6EB0181FDCFB00216ADA /* InfoPlist.strings */; };
		84BE6EB4181FDCFB00216ADA /* main.m in Sources */ = {isa = PBXBuildFile; fileRef = 84BE6EB3181FDCFB00216ADA /* main.m */; };
		84BE6EB8181FDCFB00216ADA /* AppDelegate.m in Sources */ = {isa = PBXBuildFile; fileRef = 84BE6EB7181FDCFB00216ADA /* AppDelegate.m */; };
		84BE6EBA181FDCFB00216ADA /* Default.png in Resources */ = {isa = PBXBuildFile; fileRef = 84BE6EB9181FDCFB00216ADA /* Default.png */; };
		84BE6EBC181FDCFB00216ADA /* Default@2x.png in Resources */ = {isa = PBXBuildFile; fileRef = 84BE6EBB181FDCFB00216ADA /* Default@2x.png */; };
		84BE6EBE181FDCFB00216ADA /* Default-568h@2x.png in Resources */ = {isa = PBXBuildFile; fileRef = 84BE6EBD181FDCFB00216ADA /* Default-568h@2x.png */; };
		84BE6EC7181FDD5D00216ADA /* LoginViewController.m in Sources */ = {isa = PBXBuildFile; fileRef = 84BE6EC5181FDD5D00216ADA /* LoginViewController.m */; };
		84BE6EC8181FDD5D00216ADA /* LoginViewController.xib in Resources */ = {isa = PBXBuildFile; fileRef = 84BE6EC6181FDD5D00216ADA /* LoginViewController.xib */; };
		84BE6ECD181FE1D500216ADA /* MCSwipeTableViewCell.m in Sources */ = {isa = PBXBuildFile; fileRef = 84BE6ECC181FE1D500216ADA /* MCSwipeTableViewCell.m */; };
		84BE6ED0181FE1EF00216ADA /* CourseViewController.m in Sources */ = {isa = PBXBuildFile; fileRef = 84BE6ECF181FE1EF00216ADA /* CourseViewController.m */; };
		84BE6EDA181FE21100216ADA /* check.png in Resources */ = {isa = PBXBuildFile; fileRef = 84BE6ED2181FE21100216ADA /* check.png */; };
		84BE6EDB181FE21100216ADA /* check@2x.png in Resources */ = {isa = PBXBuildFile; fileRef = 84BE6ED3181FE21100216ADA /* check@2x.png */; };
		84BE6EDC181FE21100216ADA /* clock.png in Resources */ = {isa = PBXBuildFile; fileRef = 84BE6ED4181FE21100216ADA /* clock.png */; };
		84BE6EDD181FE21100216ADA /* clock@2x.png in Resources */ = {isa = PBXBuildFile; fileRef = 84BE6ED5181FE21100216ADA /* clock@2x.png */; };
		84BE6EDE181FE21100216ADA /* cross.png in Resources */ = {isa = PBXBuildFile; fileRef = 84BE6ED6181FE21100216ADA /* cross.png */; };
		84BE6EDF181FE21100216ADA /* cross@2x.png in Resources */ = {isa = PBXBuildFile; fileRef = 84BE6ED7181FE21100216ADA /* cross@2x.png */; };
		84BE6EE0181FE21100216ADA /* list.png in Resources */ = {isa = PBXBuildFile; fileRef = 84BE6ED8181FE21100216ADA /* list.png */; };
		84BE6EE1181FE21100216ADA /* list@2x.png in Resources */ = {isa = PBXBuildFile; fileRef = 84BE6ED9181FE21100216ADA /* list@2x.png */; };
		84BE6EE3181FE22600216ADA /* course.plist in Resources */ = {isa = PBXBuildFile; fileRef = 84BE6EE2181FE22600216ADA /* course.plist */; };
		84BE6EE7181FEA4200216ADA /* MBProgressHUD.m in Sources */ = {isa = PBXBuildFile; fileRef = 84BE6EE6181FEA4200216ADA /* MBProgressHUD.m */; settings = {COMPILER_FLAGS = "-fno-objc-arc"; }; };
		84BE6EFC181FEBB000216ADA /* ASIAuthenticationDialog.m in Sources */ = {isa = PBXBuildFile; fileRef = 84BE6EEA181FEBB000216ADA /* ASIAuthenticationDialog.m */; settings = {COMPILER_FLAGS = "-fno-objc-arc"; }; };
		84BE6EFD181FEBB000216ADA /* ASIDownloadCache.m in Sources */ = {isa = PBXBuildFile; fileRef = 84BE6EED181FEBB000216ADA /* ASIDownloadCache.m */; settings = {COMPILER_FLAGS = "-fno-objc-arc"; }; };
		84BE6EFE181FEBB000216ADA /* ASIFormDataRequest.m in Sources */ = {isa = PBXBuildFile; fileRef = 84BE6EEF181FEBB000216ADA /* ASIFormDataRequest.m */; settings = {COMPILER_FLAGS = "-fno-objc-arc"; }; };
		84BE6EFF181FEBB000216ADA /* ASIHTTPRequest.m in Sources */ = {isa = PBXBuildFile; fileRef = 84BE6EF2181FEBB000216ADA /* ASIHTTPRequest.m */; settings = {COMPILER_FLAGS = "-fno-objc-arc"; }; };
		84BE6F00181FEBB000216ADA /* ASIInputStream.m in Sources */ = {isa = PBXBuildFile; fileRef = 84BE6EF6181FEBB000216ADA /* ASIInputStream.m */; settings = {COMPILER_FLAGS = "-fno-objc-arc"; }; };
		84BE6F01181FEBB000216ADA /* ASINetworkQueue.m in Sources */ = {isa = PBXBuildFile; fileRef = 84BE6EF8181FEBB000216ADA /* ASINetworkQueue.m */; settings = {COMPILER_FLAGS = "-fno-objc-arc"; }; };
		84BE6F02181FEBB000216ADA /* Reachability.m in Sources */ = {isa = PBXBuildFile; fileRef = 84BE6EFB181FEBB000216ADA /* Reachability.m */; settings = {COMPILER_FLAGS = "-fno-objc-arc"; }; };
		84BE6F1E181FEC0000216ADA /* CDataScanner.m in Sources */ = {isa = PBXBuildFile; fileRef = 84BE6F05181FEC0000216ADA /* CDataScanner.m */; settings = {COMPILER_FLAGS = "-fno-objc-arc"; }; };
		84BE6F1F181FEC0000216ADA /* CFilteringJSONSerializer.m in Sources */ = {isa = PBXBuildFile; fileRef = 84BE6F08181FEC0000216ADA /* CFilteringJSONSerializer.m */; settings = {COMPILER_FLAGS = "-fno-objc-arc"; }; };
		84BE6F20181FEC0000216ADA /* CJSONDeserializer_BlocksExtensions.m in Sources */ = {isa = PBXBuildFile; fileRef = 84BE6F0A181FEC0000216ADA /* CJSONDeserializer_BlocksExtensions.m */; settings = {COMPILER_FLAGS = "-fno-objc-arc"; }; };
		84BE6F21181FEC0000216ADA /* CJSONSerializedData.m in Sources */ = {isa = PBXBuildFile; fileRef = 84BE6F0C181FEC0000216ADA /* CJSONSerializedData.m */; settings = {COMPILER_FLAGS = "-fno-objc-arc"; }; };
		84BE6F22181FEC0000216ADA /* CDataScanner_Extensions.m in Sources */ = {isa = PBXBuildFile; fileRef = 84BE6F0F181FEC0000216ADA /* CDataScanner_Extensions.m */; settings = {COMPILER_FLAGS = "-fno-objc-arc"; }; };
		84BE6F23181FEC0000216ADA /* NSCharacterSet_Extensions.m in Sources */ = {isa = PBXBuildFile; fileRef = 84BE6F11181FEC0000216ADA /* NSCharacterSet_Extensions.m */; settings = {COMPILER_FLAGS = "-fno-objc-arc"; }; };
		84BE6F24181FEC0000216ADA /* NSDictionary_JSONExtensions.m in Sources */ = {isa = PBXBuildFile; fileRef = 84BE6F13181FEC0000216ADA /* NSDictionary_JSONExtensions.m */; settings = {COMPILER_FLAGS = "-fno-objc-arc"; }; };
		84BE6F25181FEC0000216ADA /* NSScanner_Extensions.m in Sources */ = {isa = PBXBuildFile; fileRef = 84BE6F15181FEC0000216ADA /* NSScanner_Extensions.m */; settings = {COMPILER_FLAGS = "-fno-objc-arc"; }; };
		84BE6F26181FEC0000216ADA /* CJSONDeserializer.m in Sources */ = {isa = PBXBuildFile; fileRef = 84BE6F18181FEC0000216ADA /* CJSONDeserializer.m */; settings = {COMPILER_FLAGS = "-fno-objc-arc"; }; };
		84BE6F27181FEC0000216ADA /* CJSONScanner.m in Sources */ = {isa = PBXBuildFile; fileRef = 84BE6F1A181FEC0000216ADA /* CJSONScanner.m */; settings = {COMPILER_FLAGS = "-fno-objc-arc"; }; };
		84BE6F28181FEC0000216ADA /* CJSONSerializer.m in Sources */ = {isa = PBXBuildFile; fileRef = 84BE6F1C181FEC0000216ADA /* CJSONSerializer.m */; settings = {COMPILER_FLAGS = "-fno-objc-arc"; }; };
		84BE6F2B181FFD2B00216ADA /* QuartzCore.framework in Frameworks */ = {isa = PBXBuildFile; fileRef = 84BE6F2A181FFD2B00216ADA /* QuartzCore.framework */; };
		84BE6F2D181FFD3E00216ADA /* Security.framework in Frameworks */ = {isa = PBXBuildFile; fileRef = 84BE6F2C181FFD3E00216ADA /* Security.framework */; };
		84BE6F2F181FFD4600216ADA /* MobileCoreServices.framework in Frameworks */ = {isa = PBXBuildFile; fileRef = 84BE6F2E181FFD4600216ADA /* MobileCoreServices.framework */; };
		84BE6F31181FFD4E00216ADA /* SystemConfiguration.framework in Frameworks */ = {isa = PBXBuildFile; fileRef = 84BE6F30181FFD4E00216ADA /* SystemConfiguration.framework */; };
		84BE6F33181FFD5600216ADA /* CFNetwork.framework in Frameworks */ = {isa = PBXBuildFile; fileRef = 84BE6F32181FFD5600216ADA /* CFNetwork.framework */; };
		84BE6F35181FFD5F00216ADA /* libz.1.2.5.dylib in Frameworks */ = {isa = PBXBuildFile; fileRef = 84BE6F34181FFD5F00216ADA /* libz.1.2.5.dylib */; };
		84BE6F37181FFF2B00216ADA /* inputbox.png in Resources */ = {isa = PBXBuildFile; fileRef = 84BE6F36181FFF2B00216ADA /* inputbox.png */; };
		84BE6F39181FFF5F00216ADA /* user_login.png in Resources */ = {isa = PBXBuildFile; fileRef = 84BE6F38181FFF5F00216ADA /* user_login.png */; };
		84BE6F3E181FFFC400216ADA /* lightbuttonnormal.png in Resources */ = {isa = PBXBuildFile; fileRef = 84BE6F3A181FFFC400216ADA /* lightbuttonnormal.png */; };
		84BE6F3F181FFFC400216ADA /* lightbuttonnormal@2x.png in Resources */ = {isa = PBXBuildFile; fileRef = 84BE6F3B181FFFC400216ADA /* lightbuttonnormal@2x.png */; };
		84BE6F40181FFFC400216ADA /* lightbuttonpress.png in Resources */ = {isa = PBXBuildFile; fileRef = 84BE6F3C181FFFC400216ADA /* lightbuttonpress.png */; };
		84BE6F41181FFFC400216ADA /* lightbuttonpress@2x.png in Resources */ = {isa = PBXBuildFile; fileRef = 84BE6F3D181FFFC400216ADA /* lightbuttonpress@2x.png */; };
/* End PBXBuildFile section */

/* Begin PBXFileReference section */
		840CE845182343D900D0B1E3 /* LoadMoreFooterView.h */ = {isa = PBXFileReference; fileEncoding = 4; lastKnownFileType = sourcecode.c.h; path = LoadMoreFooterView.h; sourceTree = "<group>"; };
		840CE846182343D900D0B1E3 /* LoadMoreFooterView.m */ = {isa = PBXFileReference; fileEncoding = 4; lastKnownFileType = sourcecode.c.objc; path = LoadMoreFooterView.m; sourceTree = "<group>"; };
		840CE84D18234B1900D0B1E3 /* blackArrow.png */ = {isa = PBXFileReference; lastKnownFileType = image.png; path = blackArrow.png; sourceTree = "<group>"; };
		840CE84E18234B1900D0B1E3 /* blackArrow@2x.png */ = {isa = PBXFileReference; lastKnownFileType = image.png; path = "blackArrow@2x.png"; sourceTree = "<group>"; };
		840CE84F18234B1900D0B1E3 /* blueArrow.png */ = {isa = PBXFileReference; lastKnownFileType = image.png; path = blueArrow.png; sourceTree = "<group>"; };
		840CE85018234B1900D0B1E3 /* blueArrow@2x.png */ = {isa = PBXFileReference; lastKnownFileType = image.png; path = "blueArrow@2x.png"; sourceTree = "<group>"; };
		840CE85118234B1900D0B1E3 /* grayArrow.png */ = {isa = PBXFileReference; lastKnownFileType = image.png; path = grayArrow.png; sourceTree = "<group>"; };
		840CE85218234B1900D0B1E3 /* grayArrow@2x.png */ = {isa = PBXFileReference; lastKnownFileType = image.png; path = "grayArrow@2x.png"; sourceTree = "<group>"; };
		840CE85318234B1900D0B1E3 /* whiteArrow.png */ = {isa = PBXFileReference; lastKnownFileType = image.png; path = whiteArrow.png; sourceTree = "<group>"; };
		840CE85418234B1900D0B1E3 /* whiteArrow@2x.png */ = {isa = PBXFileReference; lastKnownFileType = image.png; path = "whiteArrow@2x.png"; sourceTree = "<group>"; };
		840CE85D18234BD900D0B1E3 /* EGORefreshTableHeaderView.h */ = {isa = PBXFileReference; fileEncoding = 4; lastKnownFileType = sourcecode.c.h; path = EGORefreshTableHeaderView.h; sourceTree = "<group>"; };
		840CE85E18234BD900D0B1E3 /* EGORefreshTableHeaderView.m */ = {isa = PBXFileReference; fileEncoding = 4; lastKnownFileType = sourcecode.c.objc; path = EGORefreshTableHeaderView.m; sourceTree = "<group>"; };
		843A09FD18307ED600F5D470 /* DetailViewController.h */ = {isa = PBXFileReference; fileEncoding = 4; lastKnownFileType = sourcecode.c.h; path = DetailViewController.h; sourceTree = "<group>"; };
		843A09FE18307ED600F5D470 /* DetailViewController.m */ = {isa = PBXFileReference; fileEncoding = 4; lastKnownFileType = sourcecode.c.objc; path = DetailViewController.m; sourceTree = "<group>"; };
		843A0A0018307FB100F5D470 /* DetailInfoCell.h */ = {isa = PBXFileReference; fileEncoding = 4; lastKnownFileType = sourcecode.c.h; path = DetailInfoCell.h; sourceTree = "<group>"; };
		843A0A0118307FB100F5D470 /* DetailInfoCell.m */ = {isa = PBXFileReference; fileEncoding = 4; lastKnownFileType = sourcecode.c.objc; path = DetailInfoCell.m; sourceTree = "<group>"; };
		84626232182FBAD800DE2B6B /* IpSetViewController.h */ = {isa = PBXFileReference; fileEncoding = 4; lastKnownFileType = sourcecode.c.h; path = IpSetViewController.h; sourceTree = "<group>"; };
		84626233182FBAD800DE2B6B /* IpSetViewController.m */ = {isa = PBXFileReference; fileEncoding = 4; lastKnownFileType = sourcecode.c.objc; path = IpSetViewController.m; sourceTree = "<group>"; };
		8479F47F1822964000404B28 /* SettingViewController.h */ = {isa = PBXFileReference; fileEncoding = 4; lastKnownFileType = sourcecode.c.h; path = SettingViewController.h; sourceTree = "<group>"; };
		8479F4801822964000404B28 /* SettingViewController.m */ = {isa = PBXFileReference; fileEncoding = 4; lastKnownFileType = sourcecode.c.objc; path = SettingViewController.m; sourceTree = "<group>"; };
		8479F48518229A8000404B28 /* LogOutNormal.png */ = {isa = PBXFileReference; lastKnownFileType = image.png; path = LogOutNormal.png; sourceTree = "<group>"; };
		8479F48618229A8000404B28 /* LogOutPress.png */ = {isa = PBXFileReference; lastKnownFileType = image.png; path = LogOutPress.png; sourceTree = "<group>"; };
		8479F4A718229EC500404B28 /* RNGridMenu.h */ = {isa = PBXFileReference; fileEncoding = 4; lastKnownFileType = sourcecode.c.h; path = RNGridMenu.h; sourceTree = "<group>"; };
		8479F4A818229EC500404B28 /* RNGridMenu.m */ = {isa = PBXFileReference; fileEncoding = 4; lastKnownFileType = sourcecode.c.objc; path = RNGridMenu.m; sourceTree = "<group>"; };
		8479F4AA1822A04100404B28 /* Accelerate.framework */ = {isa = PBXFileReference; lastKnownFileType = wrapper.framework; name = Accelerate.framework; path = System/Library/Frameworks/Accelerate.framework; sourceTree = SDKROOT; };
		8479F4AD1822A1D700404B28 /* arrow.png */ = {isa = PBXFileReference; lastKnownFileType = image.png; path = arrow.png; sourceTree = "<group>"; };
		8479F4AE1822A1D700404B28 /* attachment.png */ = {isa = PBXFileReference; lastKnownFileType = image.png; path = attachment.png; sourceTree = "<group>"; };
		8479F4AF1822A1D700404B28 /* block.png */ = {isa = PBXFileReference; lastKnownFileType = image.png; path = block.png; sourceTree = "<group>"; };
		8479F4B01822A1D700404B28 /* bluetooth.png */ = {isa = PBXFileReference; lastKnownFileType = image.png; path = bluetooth.png; sourceTree = "<group>"; };
		8479F4B11822A1D700404B28 /* cube.png */ = {isa = PBXFileReference; lastKnownFileType = image.png; path = cube.png; sourceTree = "<group>"; };
		8479F4B21822A1D700404B28 /* download.png */ = {isa = PBXFileReference; lastKnownFileType = image.png; path = download.png; sourceTree = "<group>"; };
		8479F4B31822A1D700404B28 /* enter.png */ = {isa = PBXFileReference; lastKnownFileType = image.png; path = enter.png; sourceTree = "<group>"; };
		8479F4B41822A1D700404B28 /* file.png */ = {isa = PBXFileReference; lastKnownFileType = image.png; path = file.png; sourceTree = "<group>"; };
		8479F4B51822A1D700404B28 /* github.png */ = {isa = PBXFileReference; lastKnownFileType = image.png; path = github.png; sourceTree = "<group>"; };
		849C16C11821324600B7F9C5 /* GHMenuCell.h */ = {isa = PBXFileReference; fileEncoding = 4; lastKnownFileType = sourcecode.c.h; path = GHMenuCell.h; sourceTree = "<group>"; };
		849C16C21821324600B7F9C5 /* GHMenuCell.m */ = {isa = PBXFileReference; fileEncoding = 4; lastKnownFileType = sourcecode.c.objc; path = GHMenuCell.m; sourceTree = "<group>"; };
		849C16C51821328100B7F9C5 /* PPRevealSideViewController.h */ = {isa = PBXFileReference; fileEncoding = 4; lastKnownFileType = sourcecode.c.h; path = PPRevealSideViewController.h; sourceTree = "<group>"; };
		849C16C61821328100B7F9C5 /* PPRevealSideViewController.m */ = {isa = PBXFileReference; fileEncoding = 4; lastKnownFileType = sourcecode.c.objc; path = PPRevealSideViewController.m; sourceTree = "<group>"; };
		849C16C81821330E00B7F9C5 /* LeftViewController.h */ = {isa = PBXFileReference; fileEncoding = 4; lastKnownFileType = sourcecode.c.h; path = LeftViewController.h; sourceTree = "<group>"; };
		849C16C91821330E00B7F9C5 /* LeftViewController.m */ = {isa = PBXFileReference; fileEncoding = 4; lastKnownFileType = sourcecode.c.objc; path = LeftViewController.m; sourceTree = "<group>"; };
		849C16CA1821330F00B7F9C5 /* LeftViewController.xib */ = {isa = PBXFileReference; fileEncoding = 4; lastKnownFileType = file.xib; path = LeftViewController.xib; sourceTree = "<group>"; };
		84B95BA91827854400B32571 /* Course.h */ = {isa = PBXFileReference; fileEncoding = 4; lastKnownFileType = sourcecode.c.h; path = Course.h; sourceTree = "<group>"; };
		84B95BAA1827854400B32571 /* Course.m */ = {isa = PBXFileReference; fileEncoding = 4; lastKnownFileType = sourcecode.c.objc; path = Course.m; sourceTree = "<group>"; };
		84BE6EA4181FDCFB00216ADA /* evaTeac.app */ = {isa = PBXFileReference; explicitFileType = wrapper.application; includeInIndex = 0; path = evaTeac.app; sourceTree = BUILT_PRODUCTS_DIR; };
		84BE6EA7181FDCFB00216ADA /* UIKit.framework */ = {isa = PBXFileReference; lastKnownFileType = wrapper.framework; name = UIKit.framework; path = System/Library/Frameworks/UIKit.framework; sourceTree = SDKROOT; };
		84BE6EA9181FDCFB00216ADA /* Foundation.framework */ = {isa = PBXFileReference; lastKnownFileType = wrapper.framework; name = Foundation.framework; path = System/Library/Frameworks/Foundation.framework; sourceTree = SDKROOT; };
		84BE6EAB181FDCFB00216ADA /* CoreGraphics.framework */ = {isa = PBXFileReference; lastKnownFileType = wrapper.framework; name = CoreGraphics.framework; path = System/Library/Frameworks/CoreGraphics.framework; sourceTree = SDKROOT; };
		84BE6EAF181FDCFB00216ADA /* evaTeac-Info.plist */ = {isa = PBXFileReference; lastKnownFileType = text.plist.xml; path = "evaTeac-Info.plist"; sourceTree = "<group>"; };
		84BE6EB1181FDCFB00216ADA /* en */ = {isa = PBXFileReference; lastKnownFileType = text.plist.strings; name = en; path = en.lproj/InfoPlist.strings; sourceTree = "<group>"; };
		84BE6EB3181FDCFB00216ADA /* main.m */ = {isa = PBXFileReference; lastKnownFileType = sourcecode.c.objc; path = main.m; sourceTree = "<group>"; };
		84BE6EB5181FDCFB00216ADA /* evaTeac-Prefix.pch */ = {isa = PBXFileReference; lastKnownFileType = sourcecode.c.h; path = "evaTeac-Prefix.pch"; sourceTree = "<group>"; };
		84BE6EB6181FDCFB00216ADA /* AppDelegate.h */ = {isa = PBXFileReference; lastKnownFileType = sourcecode.c.h; path = AppDelegate.h; sourceTree = "<group>"; };
		84BE6EB7181FDCFB00216ADA /* AppDelegate.m */ = {isa = PBXFileReference; lastKnownFileType = sourcecode.c.objc; path = AppDelegate.m; sourceTree = "<group>"; };
		84BE6EB9181FDCFB00216ADA /* Default.png */ = {isa = PBXFileReference; lastKnownFileType = image.png; path = Default.png; sourceTree = "<group>"; };
		84BE6EBB181FDCFB00216ADA /* Default@2x.png */ = {isa = PBXFileReference; lastKnownFileType = image.png; path = "Default@2x.png"; sourceTree = "<group>"; };
		84BE6EBD181FDCFB00216ADA /* Default-568h@2x.png */ = {isa = PBXFileReference; lastKnownFileType = image.png; path = "Default-568h@2x.png"; sourceTree = "<group>"; };
		84BE6EC4181FDD5D00216ADA /* LoginViewController.h */ = {isa = PBXFileReference; fileEncoding = 4; lastKnownFileType = sourcecode.c.h; path = LoginViewController.h; sourceTree = "<group>"; };
		84BE6EC5181FDD5D00216ADA /* LoginViewController.m */ = {isa = PBXFileReference; fileEncoding = 4; lastKnownFileType = sourcecode.c.objc; path = LoginViewController.m; sourceTree = "<group>"; };
		84BE6EC6181FDD5D00216ADA /* LoginViewController.xib */ = {isa = PBXFileReference; fileEncoding = 4; lastKnownFileType = file.xib; path = LoginViewController.xib; sourceTree = "<group>"; };
		84BE6ECB181FE1D500216ADA /* MCSwipeTableViewCell.h */ = {isa = PBXFileReference; fileEncoding = 4; lastKnownFileType = sourcecode.c.h; path = MCSwipeTableViewCell.h; sourceTree = "<group>"; };
		84BE6ECC181FE1D500216ADA /* MCSwipeTableViewCell.m */ = {isa = PBXFileReference; fileEncoding = 4; lastKnownFileType = sourcecode.c.objc; path = MCSwipeTableViewCell.m; sourceTree = "<group>"; };
		84BE6ECE181FE1EF00216ADA /* CourseViewController.h */ = {isa = PBXFileReference; fileEncoding = 4; lastKnownFileType = sourcecode.c.h; path = CourseViewController.h; sourceTree = "<group>"; };
		84BE6ECF181FE1EF00216ADA /* CourseViewController.m */ = {isa = PBXFileReference; fileEncoding = 4; lastKnownFileType = sourcecode.c.objc; path = CourseViewController.m; sourceTree = "<group>"; };
		84BE6ED2181FE21100216ADA /* check.png */ = {isa = PBXFileReference; lastKnownFileType = image.png; path = check.png; sourceTree = "<group>"; };
		84BE6ED3181FE21100216ADA /* check@2x.png */ = {isa = PBXFileReference; lastKnownFileType = image.png; path = "check@2x.png"; sourceTree = "<group>"; };
		84BE6ED4181FE21100216ADA /* clock.png */ = {isa = PBXFileReference; lastKnownFileType = image.png; path = clock.png; sourceTree = "<group>"; };
		84BE6ED5181FE21100216ADA /* clock@2x.png */ = {isa = PBXFileReference; lastKnownFileType = image.png; path = "clock@2x.png"; sourceTree = "<group>"; };
		84BE6ED6181FE21100216ADA /* cross.png */ = {isa = PBXFileReference; lastKnownFileType = image.png; path = cross.png; sourceTree = "<group>"; };
		84BE6ED7181FE21100216ADA /* cross@2x.png */ = {isa = PBXFileReference; lastKnownFileType = image.png; path = "cross@2x.png"; sourceTree = "<group>"; };
		84BE6ED8181FE21100216ADA /* list.png */ = {isa = PBXFileReference; lastKnownFileType = image.png; path = list.png; sourceTree = "<group>"; };
		84BE6ED9181FE21100216ADA /* list@2x.png */ = {isa = PBXFileReference; lastKnownFileType = image.png; path = "list@2x.png"; sourceTree = "<group>"; };
		84BE6EE2181FE22600216ADA /* course.plist */ = {isa = PBXFileReference; fileEncoding = 4; lastKnownFileType = text.plist.xml; path = course.plist; sourceTree = "<group>"; };
		84BE6EE5181FEA4200216ADA /* MBProgressHUD.h */ = {isa = PBXFileReference; fileEncoding = 4; lastKnownFileType = sourcecode.c.h; path = MBProgressHUD.h; sourceTree = "<group>"; };
		84BE6EE6181FEA4200216ADA /* MBProgressHUD.m */ = {isa = PBXFileReference; fileEncoding = 4; lastKnownFileType = sourcecode.c.objc; path = MBProgressHUD.m; sourceTree = "<group>"; };
		84BE6EE9181FEBB000216ADA /* ASIAuthenticationDialog.h */ = {isa = PBXFileReference; fileEncoding = 4; lastKnownFileType = sourcecode.c.h; path = ASIAuthenticationDialog.h; sourceTree = "<group>"; };
		84BE6EEA181FEBB000216ADA /* ASIAuthenticationDialog.m */ = {isa = PBXFileReference; fileEncoding = 4; lastKnownFileType = sourcecode.c.objc; path = ASIAuthenticationDialog.m; sourceTree = "<group>"; };
		84BE6EEB181FEBB000216ADA /* ASICacheDelegate.h */ = {isa = PBXFileReference; fileEncoding = 4; lastKnownFileType = sourcecode.c.h; path = ASICacheDelegate.h; sourceTree = "<group>"; };
		84BE6EEC181FEBB000216ADA /* ASIDownloadCache.h */ = {isa = PBXFileReference; fileEncoding = 4; lastKnownFileType = sourcecode.c.h; path = ASIDownloadCache.h; sourceTree = "<group>"; };
		84BE6EED181FEBB000216ADA /* ASIDownloadCache.m */ = {isa = PBXFileReference; fileEncoding = 4; lastKnownFileType = sourcecode.c.objc; path = ASIDownloadCache.m; sourceTree = "<group>"; };
		84BE6EEE181FEBB000216ADA /* ASIFormDataRequest.h */ = {isa = PBXFileReference; fileEncoding = 4; lastKnownFileType = sourcecode.c.h; path = ASIFormDataRequest.h; sourceTree = "<group>"; };
		84BE6EEF181FEBB000216ADA /* ASIFormDataRequest.m */ = {isa = PBXFileReference; fileEncoding = 4; lastKnownFileType = sourcecode.c.objc; path = ASIFormDataRequest.m; sourceTree = "<group>"; };
		84BE6EF0181FEBB000216ADA /* ASIHttpHeaders.h */ = {isa = PBXFileReference; fileEncoding = 4; lastKnownFileType = sourcecode.c.h; path = ASIHttpHeaders.h; sourceTree = "<group>"; };
		84BE6EF1181FEBB000216ADA /* ASIHTTPRequest.h */ = {isa = PBXFileReference; fileEncoding = 4; lastKnownFileType = sourcecode.c.h; path = ASIHTTPRequest.h; sourceTree = "<group>"; };
		84BE6EF2181FEBB000216ADA /* ASIHTTPRequest.m */ = {isa = PBXFileReference; fileEncoding = 4; lastKnownFileType = sourcecode.c.objc; path = ASIHTTPRequest.m; sourceTree = "<group>"; };
		84BE6EF3181FEBB000216ADA /* ASIHTTPRequestConfig.h */ = {isa = PBXFileReference; fileEncoding = 4; lastKnownFileType = sourcecode.c.h; path = ASIHTTPRequestConfig.h; sourceTree = "<group>"; };
		84BE6EF4181FEBB000216ADA /* ASIHTTPRequestDelegate.h */ = {isa = PBXFileReference; fileEncoding = 4; lastKnownFileType = sourcecode.c.h; path = ASIHTTPRequestDelegate.h; sourceTree = "<group>"; };
		84BE6EF5181FEBB000216ADA /* ASIInputStream.h */ = {isa = PBXFileReference; fileEncoding = 4; lastKnownFileType = sourcecode.c.h; path = ASIInputStream.h; sourceTree = "<group>"; };
		84BE6EF6181FEBB000216ADA /* ASIInputStream.m */ = {isa = PBXFileReference; fileEncoding = 4; lastKnownFileType = sourcecode.c.objc; path = ASIInputStream.m; sourceTree = "<group>"; };
		84BE6EF7181FEBB000216ADA /* ASINetworkQueue.h */ = {isa = PBXFileReference; fileEncoding = 4; lastKnownFileType = sourcecode.c.h; path = ASINetworkQueue.h; sourceTree = "<group>"; };
		84BE6EF8181FEBB000216ADA /* ASINetworkQueue.m */ = {isa = PBXFileReference; fileEncoding = 4; lastKnownFileType = sourcecode.c.objc; path = ASINetworkQueue.m; sourceTree = "<group>"; };
		84BE6EF9181FEBB000216ADA /* ASIProgressDelegate.h */ = {isa = PBXFileReference; fileEncoding = 4; lastKnownFileType = sourcecode.c.h; path = ASIProgressDelegate.h; sourceTree = "<group>"; };
		84BE6EFA181FEBB000216ADA /* Reachability.h */ = {isa = PBXFileReference; fileEncoding = 4; lastKnownFileType = sourcecode.c.h; path = Reachability.h; sourceTree = "<group>"; };
		84BE6EFB181FEBB000216ADA /* Reachability.m */ = {isa = PBXFileReference; fileEncoding = 4; lastKnownFileType = sourcecode.c.objc; path = Reachability.m; sourceTree = "<group>"; };
		84BE6F04181FEC0000216ADA /* CDataScanner.h */ = {isa = PBXFileReference; fileEncoding = 4; lastKnownFileType = sourcecode.c.h; path = CDataScanner.h; sourceTree = "<group>"; };
		84BE6F05181FEC0000216ADA /* CDataScanner.m */ = {isa = PBXFileReference; fileEncoding = 4; lastKnownFileType = sourcecode.c.objc; path = CDataScanner.m; sourceTree = "<group>"; };
		84BE6F07181FEC0000216ADA /* CFilteringJSONSerializer.h */ = {isa = PBXFileReference; fileEncoding = 4; lastKnownFileType = sourcecode.c.h; path = CFilteringJSONSerializer.h; sourceTree = "<group>"; };
		84BE6F08181FEC0000216ADA /* CFilteringJSONSerializer.m */ = {isa = PBXFileReference; fileEncoding = 4; lastKnownFileType = sourcecode.c.objc; path = CFilteringJSONSerializer.m; sourceTree = "<group>"; };
		84BE6F09181FEC0000216ADA /* CJSONDeserializer_BlocksExtensions.h */ = {isa = PBXFileReference; fileEncoding = 4; lastKnownFileType = sourcecode.c.h; path = CJSONDeserializer_BlocksExtensions.h; sourceTree = "<group>"; };
		84BE6F0A181FEC0000216ADA /* CJSONDeserializer_BlocksExtensions.m */ = {isa = PBXFileReference; fileEncoding = 4; lastKnownFileType = sourcecode.c.objc; path = CJSONDeserializer_BlocksExtensions.m; sourceTree = "<group>"; };
		84BE6F0B181FEC0000216ADA /* CJSONSerializedData.h */ = {isa = PBXFileReference; fileEncoding = 4; lastKnownFileType = sourcecode.c.h; path = CJSONSerializedData.h; sourceTree = "<group>"; };
		84BE6F0C181FEC0000216ADA /* CJSONSerializedData.m */ = {isa = PBXFileReference; fileEncoding = 4; lastKnownFileType = sourcecode.c.objc; path = CJSONSerializedData.m; sourceTree = "<group>"; };
		84BE6F0E181FEC0000216ADA /* CDataScanner_Extensions.h */ = {isa = PBXFileReference; fileEncoding = 4; lastKnownFileType = sourcecode.c.h; path = CDataScanner_Extensions.h; sourceTree = "<group>"; };
		84BE6F0F181FEC0000216ADA /* CDataScanner_Extensions.m */ = {isa = PBXFileReference; fileEncoding = 4; lastKnownFileType = sourcecode.c.objc; path = CDataScanner_Extensions.m; sourceTree = "<group>"; };
		84BE6F10181FEC0000216ADA /* NSCharacterSet_Extensions.h */ = {isa = PBXFileReference; fileEncoding = 4; lastKnownFileType = sourcecode.c.h; path = NSCharacterSet_Extensions.h; sourceTree = "<group>"; };
		84BE6F11181FEC0000216ADA /* NSCharacterSet_Extensions.m */ = {isa = PBXFileReference; fileEncoding = 4; lastKnownFileType = sourcecode.c.objc; path = NSCharacterSet_Extensions.m; sourceTree = "<group>"; };
		84BE6F12181FEC0000216ADA /* NSDictionary_JSONExtensions.h */ = {isa = PBXFileReference; fileEncoding = 4; lastKnownFileType = sourcecode.c.h; path = NSDictionary_JSONExtensions.h; sourceTree = "<group>"; };
		84BE6F13181FEC0000216ADA /* NSDictionary_JSONExtensions.m */ = {isa = PBXFileReference; fileEncoding = 4; lastKnownFileType = sourcecode.c.objc; path = NSDictionary_JSONExtensions.m; sourceTree = "<group>"; };
		84BE6F14181FEC0000216ADA /* NSScanner_Extensions.h */ = {isa = PBXFileReference; fileEncoding = 4; lastKnownFileType = sourcecode.c.h; path = NSScanner_Extensions.h; sourceTree = "<group>"; };
		84BE6F15181FEC0000216ADA /* NSScanner_Extensions.m */ = {isa = PBXFileReference; fileEncoding = 4; lastKnownFileType = sourcecode.c.objc; path = NSScanner_Extensions.m; sourceTree = "<group>"; };
		84BE6F17181FEC0000216ADA /* CJSONDeserializer.h */ = {isa = PBXFileReference; fileEncoding = 4; lastKnownFileType = sourcecode.c.h; path = CJSONDeserializer.h; sourceTree = "<group>"; };
		84BE6F18181FEC0000216ADA /* CJSONDeserializer.m */ = {isa = PBXFileReference; fileEncoding = 4; lastKnownFileType = sourcecode.c.objc; path = CJSONDeserializer.m; sourceTree = "<group>"; };
		84BE6F19181FEC0000216ADA /* CJSONScanner.h */ = {isa = PBXFileReference; fileEncoding = 4; lastKnownFileType = sourcecode.c.h; path = CJSONScanner.h; sourceTree = "<group>"; };
		84BE6F1A181FEC0000216ADA /* CJSONScanner.m */ = {isa = PBXFileReference; fileEncoding = 4; lastKnownFileType = sourcecode.c.objc; path = CJSONScanner.m; sourceTree = "<group>"; };
		84BE6F1B181FEC0000216ADA /* CJSONSerializer.h */ = {isa = PBXFileReference; fileEncoding = 4; lastKnownFileType = sourcecode.c.h; path = CJSONSerializer.h; sourceTree = "<group>"; };
		84BE6F1C181FEC0000216ADA /* CJSONSerializer.m */ = {isa = PBXFileReference; fileEncoding = 4; lastKnownFileType = sourcecode.c.objc; path = CJSONSerializer.m; sourceTree = "<group>"; };
		84BE6F1D181FEC0000216ADA /* JSONRepresentation.h */ = {isa = PBXFileReference; fileEncoding = 4; lastKnownFileType = sourcecode.c.h; path = JSONRepresentation.h; sourceTree = "<group>"; };
		84BE6F2A181FFD2B00216ADA /* QuartzCore.framework */ = {isa = PBXFileReference; lastKnownFileType = wrapper.framework; name = QuartzCore.framework; path = System/Library/Frameworks/QuartzCore.framework; sourceTree = SDKROOT; };
		84BE6F2C181FFD3E00216ADA /* Security.framework */ = {isa = PBXFileReference; lastKnownFileType = wrapper.framework; name = Security.framework; path = System/Library/Frameworks/Security.framework; sourceTree = SDKROOT; };
		84BE6F2E181FFD4600216ADA /* MobileCoreServices.framework */ = {isa = PBXFileReference; lastKnownFileType = wrapper.framework; name = MobileCoreServices.framework; path = System/Library/Frameworks/MobileCoreServices.framework; sourceTree = SDKROOT; };
		84BE6F30181FFD4E00216ADA /* SystemConfiguration.framework */ = {isa = PBXFileReference; lastKnownFileType = wrapper.framework; name = SystemConfiguration.framework; path = System/Library/Frameworks/SystemConfiguration.framework; sourceTree = SDKROOT; };
		84BE6F32181FFD5600216ADA /* CFNetwork.framework */ = {isa = PBXFileReference; lastKnownFileType = wrapper.framework; name = CFNetwork.framework; path = System/Library/Frameworks/CFNetwork.framework; sourceTree = SDKROOT; };
		84BE6F34181FFD5F00216ADA /* libz.1.2.5.dylib */ = {isa = PBXFileReference; lastKnownFileType = "compiled.mach-o.dylib"; name = libz.1.2.5.dylib; path = usr/lib/libz.1.2.5.dylib; sourceTree = SDKROOT; };
		84BE6F36181FFF2B00216ADA /* inputbox.png */ = {isa = PBXFileReference; lastKnownFileType = image.png; path = inputbox.png; sourceTree = "<group>"; };
		84BE6F38181FFF5F00216ADA /* user_login.png */ = {isa = PBXFileReference; lastKnownFileType = image.png; path = user_login.png; sourceTree = "<group>"; };
		84BE6F3A181FFFC400216ADA /* lightbuttonnormal.png */ = {isa = PBXFileReference; lastKnownFileType = image.png; path = lightbuttonnormal.png; sourceTree = "<group>"; };
		84BE6F3B181FFFC400216ADA /* lightbuttonnormal@2x.png */ = {isa = PBXFileReference; lastKnownFileType = image.png; path = "lightbuttonnormal@2x.png"; sourceTree = "<group>"; };
		84BE6F3C181FFFC400216ADA /* lightbuttonpress.png */ = {isa = PBXFileReference; lastKnownFileType = image.png; path = lightbuttonpress.png; sourceTree = "<group>"; };
		84BE6F3D181FFFC400216ADA /* lightbuttonpress@2x.png */ = {isa = PBXFileReference; lastKnownFileType = image.png; path = "lightbuttonpress@2x.png"; sourceTree = "<group>"; };
/* End PBXFileReference section */

/* Begin PBXFrameworksBuildPhase section */
		84BE6EA1181FDCFB00216ADA /* Frameworks */ = {
			isa = PBXFrameworksBuildPhase;
			buildActionMask = 2147483647;
			files = (
				8479F4AB1822A04100404B28 /* Accelerate.framework in Frameworks */,
				84BE6F35181FFD5F00216ADA /* libz.1.2.5.dylib in Frameworks */,
				84BE6F33181FFD5600216ADA /* CFNetwork.framework in Frameworks */,
				84BE6F31181FFD4E00216ADA /* SystemConfiguration.framework in Frameworks */,
				84BE6F2F181FFD4600216ADA /* MobileCoreServices.framework in Frameworks */,
				84BE6F2D181FFD3E00216ADA /* Security.framework in Frameworks */,
				84BE6F2B181FFD2B00216ADA /* QuartzCore.framework in Frameworks */,
				84BE6EA8181FDCFB00216ADA /* UIKit.framework in Frameworks */,
				84BE6EAA181FDCFB00216ADA /* Foundation.framework in Frameworks */,
				84BE6EAC181FDCFB00216ADA /* CoreGraphics.framework in Frameworks */,
			);
			runOnlyForDeploymentPostprocessing = 0;
		};
/* End PBXFrameworksBuildPhase section */

/* Begin PBXGroup section */
		840CE844182343D900D0B1E3 /* LoadMoreFooterView */ = {
			isa = PBXGroup;
			children = (
				840CE845182343D900D0B1E3 /* LoadMoreFooterView.h */,
				840CE846182343D900D0B1E3 /* LoadMoreFooterView.m */,
			);
			path = LoadMoreFooterView;
			sourceTree = "<group>";
		};
		840CE847182343D900D0B1E3 /* RefreshTableHeaderView */ = {
			isa = PBXGroup;
			children = (
				840CE85D18234BD900D0B1E3 /* EGORefreshTableHeaderView.h */,
				840CE85E18234BD900D0B1E3 /* EGORefreshTableHeaderView.m */,
				840CE84C18234B1900D0B1E3 /* Resources */,
			);
			path = RefreshTableHeaderView;
			sourceTree = "<group>";
		};
		840CE84C18234B1900D0B1E3 /* Resources */ = {
			isa = PBXGroup;
			children = (
				840CE84D18234B1900D0B1E3 /* blackArrow.png */,
				840CE84E18234B1900D0B1E3 /* blackArrow@2x.png */,
				840CE84F18234B1900D0B1E3 /* blueArrow.png */,
				840CE85018234B1900D0B1E3 /* blueArrow@2x.png */,
				840CE85118234B1900D0B1E3 /* grayArrow.png */,
				840CE85218234B1900D0B1E3 /* grayArrow@2x.png */,
				840CE85318234B1900D0B1E3 /* whiteArrow.png */,
				840CE85418234B1900D0B1E3 /* whiteArrow@2x.png */,
			);
			path = Resources;
			sourceTree = "<group>";
		};
		8479F47D182295FF00404B28 /* LeftView */ = {
			isa = PBXGroup;
			children = (
				849C16C11821324600B7F9C5 /* GHMenuCell.h */,
				849C16C21821324600B7F9C5 /* GHMenuCell.m */,
				849C16C81821330E00B7F9C5 /* LeftViewController.h */,
				849C16C91821330E00B7F9C5 /* LeftViewController.m */,
				84626232182FBAD800DE2B6B /* IpSetViewController.h */,
				84626233182FBAD800DE2B6B /* IpSetViewController.m */,
				849C16CA1821330F00B7F9C5 /* LeftViewController.xib */,
			);
			name = LeftView;
			sourceTree = "<group>";
		};
		8479F47E1822961000404B28 /* SetingView */ = {
			isa = PBXGroup;
			children = (
				8479F47F1822964000404B28 /* SettingViewController.h */,
				8479F4801822964000404B28 /* SettingViewController.m */,
			);
			name = SetingView;
			sourceTree = "<group>";
		};
		8479F4821822998400404B28 /* LoginView */ = {
			isa = PBXGroup;
			children = (
				84BE6EC4181FDD5D00216ADA /* LoginViewController.h */,
				84BE6EC5181FDD5D00216ADA /* LoginViewController.m */,
				84BE6EC6181FDD5D00216ADA /* LoginViewController.xib */,
			);
			name = LoginView;
			sourceTree = "<group>";
		};
		8479F4831822999900404B28 /* CenterView */ = {
			isa = PBXGroup;
			children = (
				84BE6ECE181FE1EF00216ADA /* CourseViewController.h */,
				84BE6ECF181FE1EF00216ADA /* CourseViewController.m */,
				843A09FD18307ED600F5D470 /* DetailViewController.h */,
				843A09FE18307ED600F5D470 /* DetailViewController.m */,
				843A0A0018307FB100F5D470 /* DetailInfoCell.h */,
				843A0A0118307FB100F5D470 /* DetailInfoCell.m */,
				84B95BA91827854400B32571 /* Course.h */,
				84B95BAA1827854400B32571 /* Course.m */,
			);
			name = CenterView;
			sourceTree = "<group>";
		};
		8479F48418229A1700404B28 /* buttonImage */ = {
			isa = PBXGroup;
			children = (
				84BE6F3A181FFFC400216ADA /* lightbuttonnormal.png */,
				84BE6F3B181FFFC400216ADA /* lightbuttonnormal@2x.png */,
				84BE6F3C181FFFC400216ADA /* lightbuttonpress.png */,
				84BE6F3D181FFFC400216ADA /* lightbuttonpress@2x.png */,
				84BE6F36181FFF2B00216ADA /* inputbox.png */,
				84BE6F38181FFF5F00216ADA /* user_login.png */,
				8479F48518229A8000404B28 /* LogOutNormal.png */,
				8479F48618229A8000404B28 /* LogOutPress.png */,
			);
			name = buttonImage;
			sourceTree = "<group>";
		};
		8479F4A618229EC500404B28 /* RNGridMenu */ = {
			isa = PBXGroup;
			children = (
				8479F4A718229EC500404B28 /* RNGridMenu.h */,
				8479F4A818229EC500404B28 /* RNGridMenu.m */,
			);
			path = RNGridMenu;
			sourceTree = "<group>";
		};
		8479F4AC1822A1D700404B28 /* icons */ = {
			isa = PBXGroup;
			children = (
				8479F4AD1822A1D700404B28 /* arrow.png */,
				8479F4AE1822A1D700404B28 /* attachment.png */,
				8479F4AF1822A1D700404B28 /* block.png */,
				8479F4B01822A1D700404B28 /* bluetooth.png */,
				8479F4B11822A1D700404B28 /* cube.png */,
				8479F4B21822A1D700404B28 /* download.png */,
				8479F4B31822A1D700404B28 /* enter.png */,
				8479F4B41822A1D700404B28 /* file.png */,
				8479F4B51822A1D700404B28 /* github.png */,
			);
			path = icons;
			sourceTree = "<group>";
		};
		849C16C41821328100B7F9C5 /* PPRevealSideviewController */ = {
			isa = PBXGroup;
			children = (
				849C16C51821328100B7F9C5 /* PPRevealSideViewController.h */,
				849C16C61821328100B7F9C5 /* PPRevealSideViewController.m */,
			);
			path = PPRevealSideviewController;
			sourceTree = "<group>";
		};
		84BE6E9B181FDCFB00216ADA = {
			isa = PBXGroup;
			children = (
				84BE6EC9181FE1D500216ADA /* lib */,
				84BE6EAD181FDCFB00216ADA /* evaTeac */,
				84BE6EA6181FDCFB00216ADA /* Frameworks */,
				84BE6EA5181FDCFB00216ADA /* Products */,
			);
			sourceTree = "<group>";
		};
		84BE6EA5181FDCFB00216ADA /* Products */ = {
			isa = PBXGroup;
			children = (
				84BE6EA4181FDCFB00216ADA /* evaTeac.app */,
			);
			name = Products;
			sourceTree = "<group>";
		};
		84BE6EA6181FDCFB00216ADA /* Frameworks */ = {
			isa = PBXGroup;
			children = (
				8479F4AA1822A04100404B28 /* Accelerate.framework */,
				84BE6F34181FFD5F00216ADA /* libz.1.2.5.dylib */,
				84BE6F32181FFD5600216ADA /* CFNetwork.framework */,
				84BE6F30181FFD4E00216ADA /* SystemConfiguration.framework */,
				84BE6F2E181FFD4600216ADA /* MobileCoreServices.framework */,
				84BE6F2C181FFD3E00216ADA /* Security.framework */,
				84BE6F2A181FFD2B00216ADA /* QuartzCore.framework */,
				84BE6EA7181FDCFB00216ADA /* UIKit.framework */,
				84BE6EA9181FDCFB00216ADA /* Foundation.framework */,
				84BE6EAB181FDCFB00216ADA /* CoreGraphics.framework */,
			);
			name = Frameworks;
			sourceTree = "<group>";
		};
		84BE6EAD181FDCFB00216ADA /* evaTeac */ = {
			isa = PBXGroup;
			children = (
				84BE6EB6181FDCFB00216ADA /* AppDelegate.h */,
				84BE6EB7181FDCFB00216ADA /* AppDelegate.m */,
				8479F4831822999900404B28 /* CenterView */,
				8479F4821822998400404B28 /* LoginView */,
				8479F47E1822961000404B28 /* SetingView */,
				8479F47D182295FF00404B28 /* LeftView */,
				84BE6EAE181FDCFB00216ADA /* Supporting Files */,
			);
			path = evaTeac;
			sourceTree = "<group>";
		};
		84BE6EAE181FDCFB00216ADA /* Supporting Files */ = {
			isa = PBXGroup;
			children = (
				8479F4AC1822A1D700404B28 /* icons */,
				8479F48418229A1700404B28 /* buttonImage */,
				84BE6ED1181FE20100216ADA /* image */,
				84BE6EE2181FE22600216ADA /* course.plist */,
				84BE6EAF181FDCFB00216ADA /* evaTeac-Info.plist */,
				84BE6EB0181FDCFB00216ADA /* InfoPlist.strings */,
				84BE6EB3181FDCFB00216ADA /* main.m */,
				84BE6EB5181FDCFB00216ADA /* evaTeac-Prefix.pch */,
				84BE6EB9181FDCFB00216ADA /* Default.png */,
				84BE6EBB181FDCFB00216ADA /* Default@2x.png */,
				84BE6EBD181FDCFB00216ADA /* Default-568h@2x.png */,
			);
			name = "Supporting Files";
			sourceTree = "<group>";
		};
		84BE6EC9181FE1D500216ADA /* lib */ = {
			isa = PBXGroup;
			children = (
				840CE844182343D900D0B1E3 /* LoadMoreFooterView */,
				840CE847182343D900D0B1E3 /* RefreshTableHeaderView */,
				8479F4A618229EC500404B28 /* RNGridMenu */,
				849C16C41821328100B7F9C5 /* PPRevealSideviewController */,
				84BE6F03181FEC0000216ADA /* Touchjson */,
				84BE6EE8181FEBB000216ADA /* ASIHttp */,
				84BE6EE4181FEA4200216ADA /* HUD */,
				84BE6ECA181FE1D500216ADA /* MCSwipeTableViewCell */,
			);
			name = lib;
			path = evaTeac/lib;
			sourceTree = "<group>";
		};
		84BE6ECA181FE1D500216ADA /* MCSwipeTableViewCell */ = {
			isa = PBXGroup;
			children = (
				84BE6ECB181FE1D500216ADA /* MCSwipeTableViewCell.h */,
				84BE6ECC181FE1D500216ADA /* MCSwipeTableViewCell.m */,
			);
			path = MCSwipeTableViewCell;
			sourceTree = "<group>";
		};
		84BE6ED1181FE20100216ADA /* image */ = {
			isa = PBXGroup;
			children = (
				84BE6ED2181FE21100216ADA /* check.png */,
				84BE6ED3181FE21100216ADA /* check@2x.png */,
				84BE6ED4181FE21100216ADA /* clock.png */,
				84BE6ED5181FE21100216ADA /* clock@2x.png */,
				84BE6ED6181FE21100216ADA /* cross.png */,
				84BE6ED7181FE21100216ADA /* cross@2x.png */,
				84BE6ED8181FE21100216ADA /* list.png */,
				84BE6ED9181FE21100216ADA /* list@2x.png */,
			);
			name = image;
			sourceTree = "<group>";
		};
		84BE6EE4181FEA4200216ADA /* HUD */ = {
			isa = PBXGroup;
			children = (
				84BE6EE5181FEA4200216ADA /* MBProgressHUD.h */,
				84BE6EE6181FEA4200216ADA /* MBProgressHUD.m */,
			);
			path = HUD;
			sourceTree = "<group>";
		};
		84BE6EE8181FEBB000216ADA /* ASIHttp */ = {
			isa = PBXGroup;
			children = (
				84BE6EE9181FEBB000216ADA /* ASIAuthenticationDialog.h */,
				84BE6EEA181FEBB000216ADA /* ASIAuthenticationDialog.m */,
				84BE6EEB181FEBB000216ADA /* ASICacheDelegate.h */,
				84BE6EEC181FEBB000216ADA /* ASIDownloadCache.h */,
				84BE6EED181FEBB000216ADA /* ASIDownloadCache.m */,
				84BE6EEE181FEBB000216ADA /* ASIFormDataRequest.h */,
				84BE6EEF181FEBB000216ADA /* ASIFormDataRequest.m */,
				84BE6EF0181FEBB000216ADA /* ASIHttpHeaders.h */,
				84BE6EF1181FEBB000216ADA /* ASIHTTPRequest.h */,
				84BE6EF2181FEBB000216ADA /* ASIHTTPRequest.m */,
				84BE6EF3181FEBB000216ADA /* ASIHTTPRequestConfig.h */,
				84BE6EF4181FEBB000216ADA /* ASIHTTPRequestDelegate.h */,
				84BE6EF5181FEBB000216ADA /* ASIInputStream.h */,
				84BE6EF6181FEBB000216ADA /* ASIInputStream.m */,
				84BE6EF7181FEBB000216ADA /* ASINetworkQueue.h */,
				84BE6EF8181FEBB000216ADA /* ASINetworkQueue.m */,
				84BE6EF9181FEBB000216ADA /* ASIProgressDelegate.h */,
				84BE6EFA181FEBB000216ADA /* Reachability.h */,
				84BE6EFB181FEBB000216ADA /* Reachability.m */,
			);
			path = ASIHttp;
			sourceTree = "<group>";
		};
		84BE6F03181FEC0000216ADA /* Touchjson */ = {
			isa = PBXGroup;
			children = (
				84BE6F04181FEC0000216ADA /* CDataScanner.h */,
				84BE6F05181FEC0000216ADA /* CDataScanner.m */,
				84BE6F06181FEC0000216ADA /* Experimental */,
				84BE6F0D181FEC0000216ADA /* Extensions */,
				84BE6F16181FEC0000216ADA /* JSON */,
			);
			path = Touchjson;
			sourceTree = "<group>";
		};
		84BE6F06181FEC0000216ADA /* Experimental */ = {
			isa = PBXGroup;
			children = (
				84BE6F07181FEC0000216ADA /* CFilteringJSONSerializer.h */,
				84BE6F08181FEC0000216ADA /* CFilteringJSONSerializer.m */,
				84BE6F09181FEC0000216ADA /* CJSONDeserializer_BlocksExtensions.h */,
				84BE6F0A181FEC0000216ADA /* CJSONDeserializer_BlocksExtensions.m */,
				84BE6F0B181FEC0000216ADA /* CJSONSerializedData.h */,
				84BE6F0C181FEC0000216ADA /* CJSONSerializedData.m */,
			);
			path = Experimental;
			sourceTree = "<group>";
		};
		84BE6F0D181FEC0000216ADA /* Extensions */ = {
			isa = PBXGroup;
			children = (
				84BE6F0E181FEC0000216ADA /* CDataScanner_Extensions.h */,
				84BE6F0F181FEC0000216ADA /* CDataScanner_Extensions.m */,
				84BE6F10181FEC0000216ADA /* NSCharacterSet_Extensions.h */,
				84BE6F11181FEC0000216ADA /* NSCharacterSet_Extensions.m */,
				84BE6F12181FEC0000216ADA /* NSDictionary_JSONExtensions.h */,
				84BE6F13181FEC0000216ADA /* NSDictionary_JSONExtensions.m */,
				84BE6F14181FEC0000216ADA /* NSScanner_Extensions.h */,
				84BE6F15181FEC0000216ADA /* NSScanner_Extensions.m */,
			);
			path = Extensions;
			sourceTree = "<group>";
		};
		84BE6F16181FEC0000216ADA /* JSON */ = {
			isa = PBXGroup;
			children = (
				84BE6F17181FEC0000216ADA /* CJSONDeserializer.h */,
				84BE6F18181FEC0000216ADA /* CJSONDeserializer.m */,
				84BE6F19181FEC0000216ADA /* CJSONScanner.h */,
				84BE6F1A181FEC0000216ADA /* CJSONScanner.m */,
				84BE6F1B181FEC0000216ADA /* CJSONSerializer.h */,
				84BE6F1C181FEC0000216ADA /* CJSONSerializer.m */,
				84BE6F1D181FEC0000216ADA /* JSONRepresentation.h */,
			);
			path = JSON;
			sourceTree = "<group>";
		};
/* End PBXGroup section */

/* Begin PBXNativeTarget section */
		84BE6EA3181FDCFB00216ADA /* evaTeac */ = {
			isa = PBXNativeTarget;
			buildConfigurationList = 84BE6EC1181FDCFB00216ADA /* Build configuration list for PBXNativeTarget "evaTeac" */;
			buildPhases = (
				84BE6EA0181FDCFB00216ADA /* Sources */,
				84BE6EA1181FDCFB00216ADA /* Frameworks */,
				84BE6EA2181FDCFB00216ADA /* Resources */,
			);
			buildRules = (
			);
			dependencies = (
			);
			name = evaTeac;
			productName = evaTeac;
			productReference = 84BE6EA4181FDCFB00216ADA /* evaTeac.app */;
			productType = "com.apple.product-type.application";
		};
/* End PBXNativeTarget section */

/* Begin PBXProject section */
		84BE6E9C181FDCFB00216ADA /* Project object */ = {
			isa = PBXProject;
			attributes = {
				LastUpgradeCheck = 0460;
				ORGANIZATIONNAME = com.seuli;
			};
			buildConfigurationList = 84BE6E9F181FDCFB00216ADA /* Build configuration list for PBXProject "evaTeac" */;
			compatibilityVersion = "Xcode 3.2";
			developmentRegion = English;
			hasScannedForEncodings = 0;
			knownRegions = (
				en,
			);
			mainGroup = 84BE6E9B181FDCFB00216ADA;
			productRefGroup = 84BE6EA5181FDCFB00216ADA /* Products */;
			projectDirPath = "";
			projectRoot = "";
			targets = (
				84BE6EA3181FDCFB00216ADA /* evaTeac */,
			);
		};
/* End PBXProject section */

/* Begin PBXResourcesBuildPhase section */
		84BE6EA2181FDCFB00216ADA /* Resources */ = {
			isa = PBXResourcesBuildPhase;
			buildActionMask = 2147483647;
			files = (
				84BE6EB2181FDCFB00216ADA /* InfoPlist.strings in Resources */,
				84BE6EBA181FDCFB00216ADA /* Default.png in Resources */,
				84BE6EBC181FDCFB00216ADA /* Default@2x.png in Resources */,
				84BE6EBE181FDCFB00216ADA /* Default-568h@2x.png in Resources */,
				84BE6EC8181FDD5D00216ADA /* LoginViewController.xib in Resources */,
				84BE6EDA181FE21100216ADA /* check.png in Resources */,
				84BE6EDB181FE21100216ADA /* check@2x.png in Resources */,
				84BE6EDC181FE21100216ADA /* clock.png in Resources */,
				84BE6EDD181FE21100216ADA /* clock@2x.png in Resources */,
				84BE6EDE181FE21100216ADA /* cross.png in Resources */,
				84BE6EDF181FE21100216ADA /* cross@2x.png in Resources */,
				84BE6EE0181FE21100216ADA /* list.png in Resources */,
				84BE6EE1181FE21100216ADA /* list@2x.png in Resources */,
				84BE6EE3181FE22600216ADA /* course.plist in Resources */,
				84BE6F37181FFF2B00216ADA /* inputbox.png in Resources */,
				84BE6F39181FFF5F00216ADA /* user_login.png in Resources */,
				84BE6F3E181FFFC400216ADA /* lightbuttonnormal.png in Resources */,
				84BE6F3F181FFFC400216ADA /* lightbuttonnormal@2x.png in Resources */,
				84BE6F40181FFFC400216ADA /* lightbuttonpress.png in Resources */,
				84BE6F41181FFFC400216ADA /* lightbuttonpress@2x.png in Resources */,
				849C16CC1821330F00B7F9C5 /* LeftViewController.xib in Resources */,
				8479F48718229A8000404B28 /* LogOutNormal.png in Resources */,
				8479F48818229A8000404B28 /* LogOutPress.png in Resources */,
				8479F4B61822A1D700404B28 /* arrow.png in Resources */,
				8479F4B71822A1D700404B28 /* attachment.png in Resources */,
				8479F4B81822A1D700404B28 /* block.png in Resources */,
				8479F4B91822A1D700404B28 /* bluetooth.png in Resources */,
				8479F4BA1822A1D700404B28 /* cube.png in Resources */,
				8479F4BB1822A1D700404B28 /* download.png in Resources */,
				8479F4BC1822A1D700404B28 /* enter.png in Resources */,
				8479F4BD1822A1D700404B28 /* file.png in Resources */,
				8479F4BE1822A1D700404B28 /* github.png in Resources */,
				840CE85518234B1900D0B1E3 /* blackArrow.png in Resources */,
				840CE85618234B1900D0B1E3 /* blackArrow@2x.png in Resources */,
				840CE85718234B1900D0B1E3 /* blueArrow.png in Resources */,
				840CE85818234B1900D0B1E3 /* blueArrow@2x.png in Resources */,
				840CE85918234B1900D0B1E3 /* grayArrow.png in Resources */,
				840CE85A18234B1900D0B1E3 /* grayArrow@2x.png in Resources */,
				840CE85B18234B1900D0B1E3 /* whiteArrow.png in Resources */,
				840CE85C18234B1900D0B1E3 /* whiteArrow@2x.png in Resources */,
			);
			runOnlyForDeploymentPostprocessing = 0;
		};
/* End PBXResourcesBuildPhase section */

/* Begin PBXSourcesBuildPhase section */
		84BE6EA0181FDCFB00216ADA /* Sources */ = {
			isa = PBXSourcesBuildPhase;
			buildActionMask = 2147483647;
			files = (
				84BE6EB4181FDCFB00216ADA /* main.m in Sources */,
				84BE6EB8181FDCFB00216ADA /* AppDelegate.m in Sources */,
				84BE6EC7181FDD5D00216ADA /* LoginViewController.m in Sources */,
				84BE6ECD181FE1D500216ADA /* MCSwipeTableViewCell.m in Sources */,
				84BE6ED0181FE1EF00216ADA /* CourseViewController.m in Sources */,
				84BE6EE7181FEA4200216ADA /* MBProgressHUD.m in Sources */,
				84BE6EFC181FEBB000216ADA /* ASIAuthenticationDialog.m in Sources */,
				84BE6EFD181FEBB000216ADA /* ASIDownloadCache.m in Sources */,
				84BE6EFE181FEBB000216ADA /* ASIFormDataRequest.m in Sources */,
				84BE6EFF181FEBB000216ADA /* ASIHTTPRequest.m in Sources */,
				84BE6F00181FEBB000216ADA /* ASIInputStream.m in Sources */,
				84BE6F01181FEBB000216ADA /* ASINetworkQueue.m in Sources */,
				84BE6F02181FEBB000216ADA /* Reachability.m in Sources */,
				84BE6F1E181FEC0000216ADA /* CDataScanner.m in Sources */,
				84BE6F1F181FEC0000216ADA /* CFilteringJSONSerializer.m in Sources */,
				84BE6F20181FEC0000216ADA /* CJSONDeserializer_BlocksExtensions.m in Sources */,
				84BE6F21181FEC0000216ADA /* CJSONSerializedData.m in Sources */,
				84BE6F22181FEC0000216ADA /* CDataScanner_Extensions.m in Sources */,
				84BE6F23181FEC0000216ADA /* NSCharacterSet_Extensions.m in Sources */,
				84BE6F24181FEC0000216ADA /* NSDictionary_JSONExtensions.m in Sources */,
				84BE6F25181FEC0000216ADA /* NSScanner_Extensions.m in Sources */,
				84BE6F26181FEC0000216ADA /* CJSONDeserializer.m in Sources */,
				84BE6F27181FEC0000216ADA /* CJSONScanner.m in Sources */,
				84BE6F28181FEC0000216ADA /* CJSONSerializer.m in Sources */,
				849C16C31821324600B7F9C5 /* GHMenuCell.m in Sources */,
				849C16C71821328100B7F9C5 /* PPRevealSideViewController.m in Sources */,
				849C16CB1821330F00B7F9C5 /* LeftViewController.m in Sources */,
				8479F4811822964000404B28 /* SettingViewController.m in Sources */,
				8479F4A918229EC500404B28 /* RNGridMenu.m in Sources */,
				840CE84A182343D900D0B1E3 /* LoadMoreFooterView.m in Sources */,
				840CE85F18234BD900D0B1E3 /* EGORefreshTableHeaderView.m in Sources */,
				84B95BAB1827854400B32571 /* Course.m in Sources */,
				84626234182FBAD800DE2B6B /* IpSetViewController.m in Sources */,
				843A09FF18307ED600F5D470 /* DetailViewController.m in Sources */,
				843A0A0218307FB100F5D470 /* DetailInfoCell.m in Sources */,
			);
			runOnlyForDeploymentPostprocessing = 0;
		};
/* End PBXSourcesBuildPhase section */

/* Begin PBXVariantGroup section */
		84BE6EB0181FDCFB00216ADA /* InfoPlist.strings */ = {
			isa = PBXVariantGroup;
			children = (
				84BE6EB1181FDCFB00216ADA /* en */,
			);
			name = InfoPlist.strings;
			sourceTree = "<group>";
		};
/* End PBXVariantGroup section */

/* Begin XCBuildConfiguration section */
		84BE6EBF181FDCFB00216ADA /* Debug */ = {
			isa = XCBuildConfiguration;
			buildSettings = {
				ALWAYS_SEARCH_USER_PATHS = NO;
				CLANG_CXX_LANGUAGE_STANDARD = "gnu++0x";
				CLANG_CXX_LIBRARY = "libc++";
				CLANG_ENABLE_OBJC_ARC = YES;
				CLANG_WARN_CONSTANT_CONVERSION = YES;
				CLANG_WARN_EMPTY_BODY = YES;
				CLANG_WARN_ENUM_CONVERSION = YES;
				CLANG_WARN_INT_CONVERSION = YES;
				CLANG_WARN__DUPLICATE_METHOD_MATCH = YES;
				"CODE_SIGN_IDENTITY[sdk=iphoneos*]" = "iPhone Developer";
				COPY_PHASE_STRIP = NO;
				GCC_C_LANGUAGE_STANDARD = gnu99;
				GCC_DYNAMIC_NO_PIC = NO;
				GCC_OPTIMIZATION_LEVEL = 0;
				GCC_PREPROCESSOR_DEFINITIONS = (
					"DEBUG=1",
					"$(inherited)",
				);
				GCC_SYMBOLS_PRIVATE_EXTERN = NO;
				GCC_WARN_ABOUT_RETURN_TYPE = YES;
				GCC_WARN_UNINITIALIZED_AUTOS = YES;
				GCC_WARN_UNUSED_VARIABLE = YES;
				IPHONEOS_DEPLOYMENT_TARGET = 6.1;
				ONLY_ACTIVE_ARCH = YES;
				SDKROOT = iphoneos;
			};
			name = Debug;
		};
		84BE6EC0181FDCFB00216ADA /* Release */ = {
			isa = XCBuildConfiguration;
			buildSettings = {
				ALWAYS_SEARCH_USER_PATHS = NO;
				CLANG_CXX_LANGUAGE_STANDARD = "gnu++0x";
				CLANG_CXX_LIBRARY = "libc++";
				CLANG_ENABLE_OBJC_ARC = YES;
				CLANG_WARN_CONSTANT_CONVERSION = YES;
				CLANG_WARN_EMPTY_BODY = YES;
				CLANG_WARN_ENUM_CONVERSION = YES;
				CLANG_WARN_INT_CONVERSION = YES;
				CLANG_WARN__DUPLICATE_METHOD_MATCH = YES;
				"CODE_SIGN_IDENTITY[sdk=iphoneos*]" = "iPhone Developer";
				COPY_PHASE_STRIP = YES;
				GCC_C_LANGUAGE_STANDARD = gnu99;
				GCC_WARN_ABOUT_RETURN_TYPE = YES;
				GCC_WARN_UNINITIALIZED_AUTOS = YES;
				GCC_WARN_UNUSED_VARIABLE = YES;
				IPHONEOS_DEPLOYMENT_TARGET = 6.1;
				OTHER_CFLAGS = "-DNS_BLOCK_ASSERTIONS=1";
				SDKROOT = iphoneos;
				VALIDATE_PRODUCT = YES;
			};
			name = Release;
		};
		84BE6EC2181FDCFB00216ADA /* Debug */ = {
			isa = XCBuildConfiguration;
			buildSettings = {
				GCC_PRECOMPILE_PREFIX_HEADER = YES;
				GCC_PREFIX_HEADER = "evaTeac/evaTeac-Prefix.pch";
				INFOPLIST_FILE = "evaTeac/evaTeac-Info.plist";
				PRODUCT_NAME = "$(TARGET_NAME)";
				WRAPPER_EXTENSION = app;
			};
			name = Debug;
		};
		84BE6EC3181FDCFB00216ADA /* Release */ = {
			isa = XCBuildConfiguration;
			buildSettings = {
				GCC_PRECOMPILE_PREFIX_HEADER = YES;
				GCC_PREFIX_HEADER = "evaTeac/evaTeac-Prefix.pch";
				INFOPLIST_FILE = "evaTeac/evaTeac-Info.plist";
				PRODUCT_NAME = "$(TARGET_NAME)";
				WRAPPER_EXTENSION = app;
			};
			name = Release;
		};
/* End XCBuildConfiguration section */

/* Begin XCConfigurationList section */
		84BE6E9F181FDCFB00216ADA /* Build configuration list for PBXProject "evaTeac" */ = {
			isa = XCConfigurationList;
			buildConfigurations = (
				84BE6EBF181FDCFB00216ADA /* Debug */,
				84BE6EC0181FDCFB00216ADA /* Release */,
			);
			defaultConfigurationIsVisible = 0;
			defaultConfigurationName = Release;
		};
		84BE6EC1181FDCFB00216ADA /* Build configuration list for PBXNativeTarget "evaTeac" */ = {
			isa = XCConfigurationList;
			buildConfigurations = (
				84BE6EC2181FDCFB00216ADA /* Debug */,
				84BE6EC3181FDCFB00216ADA /* Release */,
			);
			defaultConfigurationIsVisible = 0;
			defaultConfigurationName = Release;
		};
/* End XCConfigurationList section */
	};
	rootObject = 84BE6E9C181FDCFB00216ADA /* Project object */;
}
